// !$*UTF8*$!
{
	archiveVersion = 1;
	classes = {
	};
	objectVersion = 56;
	objects = {

/* Begin PBXBuildFile section */
		612C45D72A0A6F0900C00035 /* ToDoListApp.swift in Sources */ = {isa = PBXBuildFile; fileRef = 612C45D62A0A6F0900C00035 /* ToDoListApp.swift */; };
		612C45D92A0A6F0900C00035 /* MainView.swift in Sources */ = {isa = PBXBuildFile; fileRef = 612C45D82A0A6F0900C00035 /* MainView.swift */; };
		612C45DB2A0A6F0B00C00035 /* Assets.xcassets in Resources */ = {isa = PBXBuildFile; fileRef = 612C45DA2A0A6F0B00C00035 /* Assets.xcassets */; };
		612C45DE2A0A6F0B00C00035 /* Preview Assets.xcassets in Resources */ = {isa = PBXBuildFile; fileRef = 612C45DD2A0A6F0B00C00035 /* Preview Assets.xcassets */; };
		612C45E62A0A713E00C00035 /* FirebaseAuth in Frameworks */ = {isa = PBXBuildFile; productRef = 612C45E52A0A713E00C00035 /* FirebaseAuth */; };
		612C45E82A0A713E00C00035 /* FirebaseFirestore in Frameworks */ = {isa = PBXBuildFile; productRef = 612C45E72A0A713E00C00035 /* FirebaseFirestore */; };
		612C45EA2A0A713E00C00035 /* FirebaseFirestoreSwift in Frameworks */ = {isa = PBXBuildFile; productRef = 612C45E92A0A713E00C00035 /* FirebaseFirestoreSwift */; };
		612C45EC2A0A750100C00035 /* GoogleService-Info.plist in Resources */ = {isa = PBXBuildFile; fileRef = 612C45EB2A0A750100C00035 /* GoogleService-Info.plist */; };
		612C45F22A0A7B2900C00035 /* ProfileView.swift in Sources */ = {isa = PBXBuildFile; fileRef = 612C45F12A0A7B2900C00035 /* ProfileView.swift */; };
		612C45F42A0A7B5200C00035 /* ToDoListView.swift in Sources */ = {isa = PBXBuildFile; fileRef = 612C45F32A0A7B5200C00035 /* ToDoListView.swift */; };
		612C45F62A0A7B6D00C00035 /* NewItemView.swift in Sources */ = {isa = PBXBuildFile; fileRef = 612C45F52A0A7B6D00C00035 /* NewItemView.swift */; };
		612C45F82A0A7B8100C00035 /* LogInView.swift in Sources */ = {isa = PBXBuildFile; fileRef = 612C45F72A0A7B8100C00035 /* LogInView.swift */; };
		612C45FA2A0A7B9300C00035 /* RegisterView.swift in Sources */ = {isa = PBXBuildFile; fileRef = 612C45F92A0A7B9300C00035 /* RegisterView.swift */; };
		612C45FC2A0A7BC100C00035 /* ToDoListItemView.swift in Sources */ = {isa = PBXBuildFile; fileRef = 612C45FB2A0A7BC100C00035 /* ToDoListItemView.swift */; };
		612C45FE2A0A7C1200C00035 /* User.swift in Sources */ = {isa = PBXBuildFile; fileRef = 612C45FD2A0A7C1200C00035 /* User.swift */; };
		612C46002A0A7C1E00C00035 /* ToDoListItem.swift in Sources */ = {isa = PBXBuildFile; fileRef = 612C45FF2A0A7C1E00C00035 /* ToDoListItem.swift */; };
		612C46022A0A7C4800C00035 /* MainViewViewMidel.swift in Sources */ = {isa = PBXBuildFile; fileRef = 612C46012A0A7C4800C00035 /* MainViewViewMidel.swift */; };
		612C46042A0A7C6600C00035 /* ProfileViewViewModel.swift in Sources */ = {isa = PBXBuildFile; fileRef = 612C46032A0A7C6600C00035 /* ProfileViewViewModel.swift */; };
		612C46062A0A7C7F00C00035 /* ToDoLIstViewViewModel.swift in Sources */ = {isa = PBXBuildFile; fileRef = 612C46052A0A7C7F00C00035 /* ToDoLIstViewViewModel.swift */; };
		612C46082A0A7C9C00C00035 /* NewItemViewViewModel.swift in Sources */ = {isa = PBXBuildFile; fileRef = 612C46072A0A7C9C00C00035 /* NewItemViewViewModel.swift */; };
		612C460A2A0A7CAB00C00035 /* LogInViewViewModel.swift in Sources */ = {isa = PBXBuildFile; fileRef = 612C46092A0A7CAB00C00035 /* LogInViewViewModel.swift */; };
		612C460C2A0A7CB500C00035 /* RegisterViewViewModel.swift in Sources */ = {isa = PBXBuildFile; fileRef = 612C460B2A0A7CB500C00035 /* RegisterViewViewModel.swift */; };
		612C460E2A0A7CE600C00035 /* ToDoListItemViewViewModel.swift in Sources */ = {isa = PBXBuildFile; fileRef = 612C460D2A0A7CE600C00035 /* ToDoListItemViewViewModel.swift */; };
		612C46102A0A81A500C00035 /* HeaderView.swift in Sources */ = {isa = PBXBuildFile; fileRef = 612C460F2A0A81A500C00035 /* HeaderView.swift */; };
/* End PBXBuildFile section */

/* Begin PBXFileReference section */
		612C45D32A0A6F0900C00035 /* ToDoList.app */ = {isa = PBXFileReference; explicitFileType = wrapper.application; includeInIndex = 0; path = ToDoList.app; sourceTree = BUILT_PRODUCTS_DIR; };
		612C45D62A0A6F0900C00035 /* ToDoListApp.swift */ = {isa = PBXFileReference; lastKnownFileType = sourcecode.swift; path = ToDoListApp.swift; sourceTree = "<group>"; };
		612C45D82A0A6F0900C00035 /* MainView.swift */ = {isa = PBXFileReference; lastKnownFileType = sourcecode.swift; path = MainView.swift; sourceTree = "<group>"; };
		612C45DA2A0A6F0B00C00035 /* Assets.xcassets */ = {isa = PBXFileReference; lastKnownFileType = folder.assetcatalog; path = Assets.xcassets; sourceTree = "<group>"; };
		612C45DD2A0A6F0B00C00035 /* Preview Assets.xcassets */ = {isa = PBXFileReference; lastKnownFileType = folder.assetcatalog; path = "Preview Assets.xcassets"; sourceTree = "<group>"; };
		612C45EB2A0A750100C00035 /* GoogleService-Info.plist */ = {isa = PBXFileReference; fileEncoding = 4; lastKnownFileType = text.plist.xml; path = "GoogleService-Info.plist"; sourceTree = "<group>"; };
		612C45F12A0A7B2900C00035 /* ProfileView.swift */ = {isa = PBXFileReference; lastKnownFileType = sourcecode.swift; path = ProfileView.swift; sourceTree = "<group>"; };
		612C45F32A0A7B5200C00035 /* ToDoListView.swift */ = {isa = PBXFileReference; lastKnownFileType = sourcecode.swift; path = ToDoListView.swift; sourceTree = "<group>"; };
		612C45F52A0A7B6D00C00035 /* NewItemView.swift */ = {isa = PBXFileReference; lastKnownFileType = sourcecode.swift; path = NewItemView.swift; sourceTree = "<group>"; };
		612C45F72A0A7B8100C00035 /* LogInView.swift */ = {isa = PBXFileReference; lastKnownFileType = sourcecode.swift; path = LogInView.swift; sourceTree = "<group>"; };
		612C45F92A0A7B9300C00035 /* RegisterView.swift */ = {isa = PBXFileReference; lastKnownFileType = sourcecode.swift; path = RegisterView.swift; sourceTree = "<group>"; };
		612C45FB2A0A7BC100C00035 /* ToDoListItemView.swift */ = {isa = PBXFileReference; lastKnownFileType = sourcecode.swift; path = ToDoListItemView.swift; sourceTree = "<group>"; };
		612C45FD2A0A7C1200C00035 /* User.swift */ = {isa = PBXFileReference; lastKnownFileType = sourcecode.swift; path = User.swift; sourceTree = "<group>"; };
		612C45FF2A0A7C1E00C00035 /* ToDoListItem.swift */ = {isa = PBXFileReference; lastKnownFileType = sourcecode.swift; path = ToDoListItem.swift; sourceTree = "<group>"; };
		612C46012A0A7C4800C00035 /* MainViewViewMidel.swift */ = {isa = PBXFileReference; lastKnownFileType = sourcecode.swift; path = MainViewViewMidel.swift; sourceTree = "<group>"; };
		612C46032A0A7C6600C00035 /* ProfileViewViewModel.swift */ = {isa = PBXFileReference; lastKnownFileType = sourcecode.swift; path = ProfileViewViewModel.swift; sourceTree = "<group>"; };
		612C46052A0A7C7F00C00035 /* ToDoLIstViewViewModel.swift */ = {isa = PBXFileReference; lastKnownFileType = sourcecode.swift; path = ToDoLIstViewViewModel.swift; sourceTree = "<group>"; };
		612C46072A0A7C9C00C00035 /* NewItemViewViewModel.swift */ = {isa = PBXFileReference; lastKnownFileType = sourcecode.swift; path = NewItemViewViewModel.swift; sourceTree = "<group>"; };
		612C46092A0A7CAB00C00035 /* LogInViewViewModel.swift */ = {isa = PBXFileReference; lastKnownFileType = sourcecode.swift; path = LogInViewViewModel.swift; sourceTree = "<group>"; };
		612C460B2A0A7CB500C00035 /* RegisterViewViewModel.swift */ = {isa = PBXFileReference; lastKnownFileType = sourcecode.swift; path = RegisterViewViewModel.swift; sourceTree = "<group>"; };
		612C460D2A0A7CE600C00035 /* ToDoListItemViewViewModel.swift */ = {isa = PBXFileReference; lastKnownFileType = sourcecode.swift; path = ToDoListItemViewViewModel.swift; sourceTree = "<group>"; };
		612C460F2A0A81A500C00035 /* HeaderView.swift */ = {isa = PBXFileReference; lastKnownFileType = sourcecode.swift; path = HeaderView.swift; sourceTree = "<group>"; };
/* End PBXFileReference section */

/* Begin PBXFrameworksBuildPhase section */
		612C45D02A0A6F0900C00035 /* Frameworks */ = {
			isa = PBXFrameworksBuildPhase;
			buildActionMask = 2147483647;
			files = (
				612C45E62A0A713E00C00035 /* FirebaseAuth in Frameworks */,
				612C45E82A0A713E00C00035 /* FirebaseFirestore in Frameworks */,
				612C45EA2A0A713E00C00035 /* FirebaseFirestoreSwift in Frameworks */,
			);
			runOnlyForDeploymentPostprocessing = 0;
		};
/* End PBXFrameworksBuildPhase section */

/* Begin PBXGroup section */
		612C45CA2A0A6F0900C00035 = {
			isa = PBXGroup;
			children = (
				612C45D52A0A6F0900C00035 /* ToDoList */,
				612C45D42A0A6F0900C00035 /* Products */,
			);
			sourceTree = "<group>";
		};
		612C45D42A0A6F0900C00035 /* Products */ = {
			isa = PBXGroup;
			children = (
				612C45D32A0A6F0900C00035 /* ToDoList.app */,
			);
			name = Products;
			sourceTree = "<group>";
		};
		612C45D52A0A6F0900C00035 /* ToDoList */ = {
			isa = PBXGroup;
			children = (
				612C45F02A0A7A5700C00035 /* Other */,
				612C45EF2A0A7A5200C00035 /* Models */,
				612C45EE2A0A7A4B00C00035 /* ViewModels */,
				612C45ED2A0A7A4500C00035 /* Views */,
				612C45DC2A0A6F0B00C00035 /* Preview Content */,
			);
			path = ToDoList;
			sourceTree = "<group>";
		};
		612C45DC2A0A6F0B00C00035 /* Preview Content */ = {
			isa = PBXGroup;
			children = (
				612C45DD2A0A6F0B00C00035 /* Preview Assets.xcassets */,
			);
			path = "Preview Content";
			sourceTree = "<group>";
		};
		612C45ED2A0A7A4500C00035 /* Views */ = {
			isa = PBXGroup;
			children = (
				612C45D82A0A6F0900C00035 /* MainView.swift */,
				612C45F72A0A7B8100C00035 /* LogInView.swift */,
				612C45F12A0A7B2900C00035 /* ProfileView.swift */,
				612C45F32A0A7B5200C00035 /* ToDoListView.swift */,
				612C45FB2A0A7BC100C00035 /* ToDoListItemView.swift */,
				612C45F52A0A7B6D00C00035 /* NewItemView.swift */,
				612C45F92A0A7B9300C00035 /* RegisterView.swift */,
				612C460F2A0A81A500C00035 /* HeaderView.swift */,
			);
			path = Views;
			sourceTree = "<group>";
		};
		612C45EE2A0A7A4B00C00035 /* ViewModels */ = {
			isa = PBXGroup;
			children = (
				612C46012A0A7C4800C00035 /* MainViewViewMidel.swift */,
				612C46032A0A7C6600C00035 /* ProfileViewViewModel.swift */,
				612C46052A0A7C7F00C00035 /* ToDoLIstViewViewModel.swift */,
				612C460D2A0A7CE600C00035 /* ToDoListItemViewViewModel.swift */,
				612C46072A0A7C9C00C00035 /* NewItemViewViewModel.swift */,
				612C46092A0A7CAB00C00035 /* LogInViewViewModel.swift */,
				612C460B2A0A7CB500C00035 /* RegisterViewViewModel.swift */,
			);
			path = ViewModels;
			sourceTree = "<group>";
		};
		612C45EF2A0A7A5200C00035 /* Models */ = {
			isa = PBXGroup;
			children = (
				612C45FD2A0A7C1200C00035 /* User.swift */,
				612C45FF2A0A7C1E00C00035 /* ToDoListItem.swift */,
			);
			path = Models;
			sourceTree = "<group>";
		};
		612C45F02A0A7A5700C00035 /* Other */ = {
			isa = PBXGroup;
			children = (
				612C45EB2A0A750100C00035 /* GoogleService-Info.plist */,
				612C45DA2A0A6F0B00C00035 /* Assets.xcassets */,
				612C45D62A0A6F0900C00035 /* ToDoListApp.swift */,
			);
			path = Other;
			sourceTree = "<group>";
		};
/* End PBXGroup section */

/* Begin PBXNativeTarget section */
		612C45D22A0A6F0900C00035 /* ToDoList */ = {
			isa = PBXNativeTarget;
			buildConfigurationList = 612C45E12A0A6F0B00C00035 /* Build configuration list for PBXNativeTarget "ToDoList" */;
			buildPhases = (
				612C45CF2A0A6F0900C00035 /* Sources */,
				612C45D02A0A6F0900C00035 /* Frameworks */,
				612C45D12A0A6F0900C00035 /* Resources */,
			);
			buildRules = (
			);
			dependencies = (
			);
			name = ToDoList;
			packageProductDependencies = (
				612C45E52A0A713E00C00035 /* FirebaseAuth */,
				612C45E72A0A713E00C00035 /* FirebaseFirestore */,
				612C45E92A0A713E00C00035 /* FirebaseFirestoreSwift */,
			);
			productName = ToDoList;
			productReference = 612C45D32A0A6F0900C00035 /* ToDoList.app */;
			productType = "com.apple.product-type.application";
		};
/* End PBXNativeTarget section */

/* Begin PBXProject section */
		612C45CB2A0A6F0900C00035 /* Project object */ = {
			isa = PBXProject;
			attributes = {
				BuildIndependentTargetsInParallel = 1;
				LastSwiftUpdateCheck = 1410;
				LastUpgradeCheck = 1410;
				TargetAttributes = {
					612C45D22A0A6F0900C00035 = {
						CreatedOnToolsVersion = 14.1;
					};
				};
			};
			buildConfigurationList = 612C45CE2A0A6F0900C00035 /* Build configuration list for PBXProject "ToDoList" */;
			compatibilityVersion = "Xcode 14.0";
			developmentRegion = en;
			hasScannedForEncodings = 0;
			knownRegions = (
				en,
				Base,
			);
			mainGroup = 612C45CA2A0A6F0900C00035;
			packageReferences = (
				612C45E42A0A713E00C00035 /* XCRemoteSwiftPackageReference "firebase-ios-sdk" */,
			);
			productRefGroup = 612C45D42A0A6F0900C00035 /* Products */;
			projectDirPath = "";
			projectRoot = "";
			targets = (
				612C45D22A0A6F0900C00035 /* ToDoList */,
			);
		};
/* End PBXProject section */

/* Begin PBXResourcesBuildPhase section */
		612C45D12A0A6F0900C00035 /* Resources */ = {
			isa = PBXResourcesBuildPhase;
			buildActionMask = 2147483647;
			files = (
				612C45DE2A0A6F0B00C00035 /* Preview Assets.xcassets in Resources */,
				612C45DB2A0A6F0B00C00035 /* Assets.xcassets in Resources */,
				612C45EC2A0A750100C00035 /* GoogleService-Info.plist in Resources */,
			);
			runOnlyForDeploymentPostprocessing = 0;
		};
/* End PBXResourcesBuildPhase section */

/* Begin PBXSourcesBuildPhase section */
		612C45CF2A0A6F0900C00035 /* Sources */ = {
			isa = PBXSourcesBuildPhase;
			buildActionMask = 2147483647;
			files = (
				612C46022A0A7C4800C00035 /* MainViewViewMidel.swift in Sources */,
				612C46102A0A81A500C00035 /* HeaderView.swift in Sources */,
				612C45F82A0A7B8100C00035 /* LogInView.swift in Sources */,
				612C460C2A0A7CB500C00035 /* RegisterViewViewModel.swift in Sources */,
				612C45D92A0A6F0900C00035 /* MainView.swift in Sources */,
				612C45F42A0A7B5200C00035 /* ToDoListView.swift in Sources */,
				612C45FA2A0A7B9300C00035 /* RegisterView.swift in Sources */,
				612C46042A0A7C6600C00035 /* ProfileViewViewModel.swift in Sources */,
				612C45F22A0A7B2900C00035 /* ProfileView.swift in Sources */,
				612C45FE2A0A7C1200C00035 /* User.swift in Sources */,
				612C45FC2A0A7BC100C00035 /* ToDoListItemView.swift in Sources */,
				612C45D72A0A6F0900C00035 /* ToDoListApp.swift in Sources */,
				612C46002A0A7C1E00C00035 /* ToDoListItem.swift in Sources */,
				612C45F62A0A7B6D00C00035 /* NewItemView.swift in Sources */,
				612C460A2A0A7CAB00C00035 /* LogInViewViewModel.swift in Sources */,
				612C46062A0A7C7F00C00035 /* ToDoLIstViewViewModel.swift in Sources */,
				612C46082A0A7C9C00C00035 /* NewItemViewViewModel.swift in Sources */,
				612C460E2A0A7CE600C00035 /* ToDoListItemViewViewModel.swift in Sources */,
			);
			runOnlyForDeploymentPostprocessing = 0;
		};
/* End PBXSourcesBuildPhase section */

/* Begin XCBuildConfiguration section */
		612C45DF2A0A6F0B00C00035 /* Debug */ = {
			isa = XCBuildConfiguration;
			buildSettings = {
				ALWAYS_SEARCH_USER_PATHS = NO;
				CLANG_ANALYZER_NONNULL = YES;
				CLANG_ANALYZER_NUMBER_OBJECT_CONVERSION = YES_AGGRESSIVE;
				CLANG_CXX_LANGUAGE_STANDARD = "gnu++20";
				CLANG_ENABLE_MODULES = YES;
				CLANG_ENABLE_OBJC_ARC = YES;
				CLANG_ENABLE_OBJC_WEAK = YES;
				CLANG_WARN_BLOCK_CAPTURE_AUTORELEASING = YES;
				CLANG_WARN_BOOL_CONVERSION = YES;
				CLANG_WARN_COMMA = YES;
				CLANG_WARN_CONSTANT_CONVERSION = YES;
				CLANG_WARN_DEPRECATED_OBJC_IMPLEMENTATIONS = YES;
				CLANG_WARN_DIRECT_OBJC_ISA_USAGE = YES_ERROR;
				CLANG_WARN_DOCUMENTATION_COMMENTS = YES;
				CLANG_WARN_EMPTY_BODY = YES;
				CLANG_WARN_ENUM_CONVERSION = YES;
				CLANG_WARN_INFINITE_RECURSION = YES;
				CLANG_WARN_INT_CONVERSION = YES;
				CLANG_WARN_NON_LITERAL_NULL_CONVERSION = YES;
				CLANG_WARN_OBJC_IMPLICIT_RETAIN_SELF = YES;
				CLANG_WARN_OBJC_LITERAL_CONVERSION = YES;
				CLANG_WARN_OBJC_ROOT_CLASS = YES_ERROR;
				CLANG_WARN_QUOTED_INCLUDE_IN_FRAMEWORK_HEADER = YES;
				CLANG_WARN_RANGE_LOOP_ANALYSIS = YES;
				CLANG_WARN_STRICT_PROTOTYPES = YES;
				CLANG_WARN_SUSPICIOUS_MOVE = YES;
				CLANG_WARN_UNGUARDED_AVAILABILITY = YES_AGGRESSIVE;
				CLANG_WARN_UNREACHABLE_CODE = YES;
				CLANG_WARN__DUPLICATE_METHOD_MATCH = YES;
				COPY_PHASE_STRIP = NO;
				DEBUG_INFORMATION_FORMAT = dwarf;
				ENABLE_STRICT_OBJC_MSGSEND = YES;
				ENABLE_TESTABILITY = YES;
				GCC_C_LANGUAGE_STANDARD = gnu11;
				GCC_DYNAMIC_NO_PIC = NO;
				GCC_NO_COMMON_BLOCKS = YES;
				GCC_OPTIMIZATION_LEVEL = 0;
				GCC_PREPROCESSOR_DEFINITIONS = (
					"DEBUG=1",
					"$(inherited)",
				);
				GCC_WARN_64_TO_32_BIT_CONVERSION = YES;
				GCC_WARN_ABOUT_RETURN_TYPE = YES_ERROR;
				GCC_WARN_UNDECLARED_SELECTOR = YES;
				GCC_WARN_UNINITIALIZED_AUTOS = YES_AGGRESSIVE;
				GCC_WARN_UNUSED_FUNCTION = YES;
				GCC_WARN_UNUSED_VARIABLE = YES;
				IPHONEOS_DEPLOYMENT_TARGET = 16.1;
				MTL_ENABLE_DEBUG_INFO = INCLUDE_SOURCE;
				MTL_FAST_MATH = YES;
				ONLY_ACTIVE_ARCH = YES;
				SDKROOT = iphoneos;
				SWIFT_ACTIVE_COMPILATION_CONDITIONS = DEBUG;
				SWIFT_OPTIMIZATION_LEVEL = "-Onone";
			};
			name = Debug;
		};
		612C45E02A0A6F0B00C00035 /* Release */ = {
			isa = XCBuildConfiguration;
			buildSettings = {
				ALWAYS_SEARCH_USER_PATHS = NO;
				CLANG_ANALYZER_NONNULL = YES;
				CLANG_ANALYZER_NUMBER_OBJECT_CONVERSION = YES_AGGRESSIVE;
				CLANG_CXX_LANGUAGE_STANDARD = "gnu++20";
				CLANG_ENABLE_MODULES = YES;
				CLANG_ENABLE_OBJC_ARC = YES;
				CLANG_ENABLE_OBJC_WEAK = YES;
				CLANG_WARN_BLOCK_CAPTURE_AUTORELEASING = YES;
				CLANG_WARN_BOOL_CONVERSION = YES;
				CLANG_WARN_COMMA = YES;
				CLANG_WARN_CONSTANT_CONVERSION = YES;
				CLANG_WARN_DEPRECATED_OBJC_IMPLEMENTATIONS = YES;
				CLANG_WARN_DIRECT_OBJC_ISA_USAGE = YES_ERROR;
				CLANG_WARN_DOCUMENTATION_COMMENTS = YES;
				CLANG_WARN_EMPTY_BODY = YES;
				CLANG_WARN_ENUM_CONVERSION = YES;
				CLANG_WARN_INFINITE_RECURSION = YES;
				CLANG_WARN_INT_CONVERSION = YES;
				CLANG_WARN_NON_LITERAL_NULL_CONVERSION = YES;
				CLANG_WARN_OBJC_IMPLICIT_RETAIN_SELF = YES;
				CLANG_WARN_OBJC_LITERAL_CONVERSION = YES;
				CLANG_WARN_OBJC_ROOT_CLASS = YES_ERROR;
				CLANG_WARN_QUOTED_INCLUDE_IN_FRAMEWORK_HEADER = YES;
				CLANG_WARN_RANGE_LOOP_ANALYSIS = YES;
				CLANG_WARN_STRICT_PROTOTYPES = YES;
				CLANG_WARN_SUSPICIOUS_MOVE = YES;
				CLANG_WARN_UNGUARDED_AVAILABILITY = YES_AGGRESSIVE;
				CLANG_WARN_UNREACHABLE_CODE = YES;
				CLANG_WARN__DUPLICATE_METHOD_MATCH = YES;
				COPY_PHASE_STRIP = NO;
				DEBUG_INFORMATION_FORMAT = "dwarf-with-dsym";
				ENABLE_NS_ASSERTIONS = NO;
				ENABLE_STRICT_OBJC_MSGSEND = YES;
				GCC_C_LANGUAGE_STANDARD = gnu11;
				GCC_NO_COMMON_BLOCKS = YES;
				GCC_WARN_64_TO_32_BIT_CONVERSION = YES;
				GCC_WARN_ABOUT_RETURN_TYPE = YES_ERROR;
				GCC_WARN_UNDECLARED_SELECTOR = YES;
				GCC_WARN_UNINITIALIZED_AUTOS = YES_AGGRESSIVE;
				GCC_WARN_UNUSED_FUNCTION = YES;
				GCC_WARN_UNUSED_VARIABLE = YES;
				IPHONEOS_DEPLOYMENT_TARGET = 16.1;
				MTL_ENABLE_DEBUG_INFO = NO;
				MTL_FAST_MATH = YES;
				SDKROOT = iphoneos;
				SWIFT_COMPILATION_MODE = wholemodule;
				SWIFT_OPTIMIZATION_LEVEL = "-O";
				VALIDATE_PRODUCT = YES;
			};
			name = Release;
		};
		612C45E22A0A6F0B00C00035 /* Debug */ = {
			isa = XCBuildConfiguration;
			buildSettings = {
				ASSETCATALOG_COMPILER_APPICON_NAME = AppIcon;
				ASSETCATALOG_COMPILER_GLOBAL_ACCENT_COLOR_NAME = AccentColor;
				CODE_SIGN_STYLE = Automatic;
				CURRENT_PROJECT_VERSION = 1;
				DEVELOPMENT_ASSET_PATHS = "\"ToDoList/Preview Content\"";
				DEVELOPMENT_TEAM = AVC9NB9GLX;
				ENABLE_PREVIEWS = YES;
				GENERATE_INFOPLIST_FILE = YES;
				INFOPLIST_KEY_CFBundleDisplayName = "To Do List";
				INFOPLIST_KEY_UIApplicationSceneManifest_Generation = YES;
				INFOPLIST_KEY_UIApplicationSupportsIndirectInputEvents = YES;
				INFOPLIST_KEY_UILaunchScreen_Generation = YES;
				INFOPLIST_KEY_UISupportedInterfaceOrientations = UIInterfaceOrientationPortrait;
				LD_RUNPATH_SEARCH_PATHS = (
					"$(inherited)",
					"@executable_path/Frameworks",
				);
				MARKETING_VERSION = 1.0;
				PRODUCT_BUNDLE_IDENTIFIER = "ivanenko2010-gmail.com.ToDoList";
				PRODUCT_NAME = "$(TARGET_NAME)";
				SWIFT_EMIT_LOC_STRINGS = YES;
				SWIFT_VERSION = 5.0;
				TARGETED_DEVICE_FAMILY = "1,2";
			};
			name = Debug;
		};
		612C45E32A0A6F0B00C00035 /* Release */ = {
			isa = XCBuildConfiguration;
			buildSettings = {
				ASSETCATALOG_COMPILER_APPICON_NAME = AppIcon;
				ASSETCATALOG_COMPILER_GLOBAL_ACCENT_COLOR_NAME = AccentColor;
				CODE_SIGN_STYLE = Automatic;
				CURRENT_PROJECT_VERSION = 1;
				DEVELOPMENT_ASSET_PATHS = "\"ToDoList/Preview Content\"";
				DEVELOPMENT_TEAM = AVC9NB9GLX;
				ENABLE_PREVIEWS = YES;
				GENERATE_INFOPLIST_FILE = YES;
				INFOPLIST_KEY_CFBundleDisplayName = "To Do List";
				INFOPLIST_KEY_UIApplicationSceneManifest_Generation = YES;
				INFOPLIST_KEY_UIApplicationSupportsIndirectInputEvents = YES;
				INFOPLIST_KEY_UILaunchScreen_Generation = YES;
				INFOPLIST_KEY_UISupportedInterfaceOrientations = UIInterfaceOrientationPortrait;
				LD_RUNPATH_SEARCH_PATHS = (
					"$(inherited)",
					"@executable_path/Frameworks",
				);
				MARKETING_VERSION = 1.0;
				PRODUCT_BUNDLE_IDENTIFIER = "ivanenko2010-gmail.com.ToDoList";
				PRODUCT_NAME = "$(TARGET_NAME)";
				SWIFT_EMIT_LOC_STRINGS = YES;
				SWIFT_VERSION = 5.0;
				TARGETED_DEVICE_FAMILY = "1,2";
			};
			name = Release;
		};
/* End XCBuildConfiguration section */

/* Begin XCConfigurationList section */
		612C45CE2A0A6F0900C00035 /* Build configuration list for PBXProject "ToDoList" */ = {
			isa = XCConfigurationList;
			buildConfigurations = (
				612C45DF2A0A6F0B00C00035 /* Debug */,
				612C45E02A0A6F0B00C00035 /* Release */,
			);
			defaultConfigurationIsVisible = 0;
			defaultConfigurationName = Release;
		};
		612C45E12A0A6F0B00C00035 /* Build configuration list for PBXNativeTarget "ToDoList" */ = {
			isa = XCConfigurationList;
			buildConfigurations = (
				612C45E22A0A6F0B00C00035 /* Debug */,
				612C45E32A0A6F0B00C00035 /* Release */,
			);
			defaultConfigurationIsVisible = 0;
			defaultConfigurationName = Release;
		};
/* End XCConfigurationList section */

/* Begin XCRemoteSwiftPackageReference section */
		612C45E42A0A713E00C00035 /* XCRemoteSwiftPackageReference "firebase-ios-sdk" */ = {
			isa = XCRemoteSwiftPackageReference;
			repositoryURL = "https://github.com/firebase/firebase-ios-sdk.git";
			requirement = {
				branch = master;
				kind = branch;
			};
		};
/* End XCRemoteSwiftPackageReference section */

/* Begin XCSwiftPackageProductDependency section */
		612C45E52A0A713E00C00035 /* FirebaseAuth */ = {
			isa = XCSwiftPackageProductDependency;
			package = 612C45E42A0A713E00C00035 /* XCRemoteSwiftPackageReference "firebase-ios-sdk" */;
			productName = FirebaseAuth;
		};
		612C45E72A0A713E00C00035 /* FirebaseFirestore */ = {
			isa = XCSwiftPackageProductDependency;
			package = 612C45E42A0A713E00C00035 /* XCRemoteSwiftPackageReference "firebase-ios-sdk" */;
			productName = FirebaseFirestore;
		};
		612C45E92A0A713E00C00035 /* FirebaseFirestoreSwift */ = {
			isa = XCSwiftPackageProductDependency;
			package = 612C45E42A0A713E00C00035 /* XCRemoteSwiftPackageReference "firebase-ios-sdk" */;
			productName = FirebaseFirestoreSwift;
		};
/* End XCSwiftPackageProductDependency section */
	};
	rootObject = 612C45CB2A0A6F0900C00035 /* Project object */;
}
